
Microsoft Visual Studio Solution File, Format Version 12.00
# Visual Studio Version 17
VisualStudioVersion = 17.2.32616.157
MinimumVisualStudioVersion = 10.0.40219.1
Project("{FAE04EC0-301F-11D3-BF4B-00C04F79EFBC}") = "Identity", "Identity\Identity.csproj", "{0E3CC888-B9DD-444D-A441-5A10AED941BD}"
EndProject
Global
	GlobalSection(SolutionConfigurationPlatforms) = preSolution
		Debug|Any CPU = Debug|Any CPU
		Release|Any CPU = Release|Any CPU
	EndGlobalSection
	GlobalSection(ProjectConfigurationPlatforms) = postSolution
		{0E3CC888-B9DD-444D-A441-5A10AED941BD}.Debug|Any CPU.ActiveCfg = Debug|Any CPU
		{0E3CC888-B9DD-444D-A441-5A10AED941BD}.Debug|Any CPU.Build.0 = Debug|Any CPU
		{0E3CC888-B9DD-444D-A441-5A10AED941BD}.Release|Any CPU.ActiveCfg = Release|Any CPU
		{0E3CC888-B9DD-444D-A441-5A10AED941BD}.Release|Any CPU.Build.0 = Release|Any CPU
	EndGlobalSection
	GlobalSection(SolutionProperties) = preSolution
		HideSolutionNode = FALSE
	EndGlobalSection
	GlobalSection(ExtensibilityGlobals) = postSolution
		SolutionGuid = {3C5528FF-D7B8-45CA-8E3D-A26305563F46}
	EndGlobalSection
EndGlobal
